
Microsoft Visual Studio Solution File, Format Version 12.00
# Visual Studio 15
VisualStudioVersion = 15.0.28307.421
MinimumVisualStudioVersion = 10.0.40219.1
Project("{FAE04EC0-301F-11D3-BF4B-00C04F79EFBC}") = "WebProject.Core", "WebProject.Core\WebProject.Core.csproj", "{4D0C9933-ABEC-4A56-B54B-00600E4D23EC}"
EndProject
Project("{FAE04EC0-301F-11D3-BF4B-00C04F79EFBC}") = "WebProject.Model", "WebProject.Model\WebProject.Model.csproj", "{412DDC92-1E99-4AE1-BA5B-B70D256A6B93}"
EndProject
Project("{FAE04EC0-301F-11D3-BF4B-00C04F79EFBC}") = "WebProject.Service", "WebProject.Service\WebProject.Service.csproj", "{534DC1D8-3647-4577-9C7A-35DC48217513}"
EndProject
Global
	GlobalSection(SolutionConfigurationPlatforms) = preSolution
		Debug|Any CPU = Debug|Any CPU
		Release|Any CPU = Release|Any CPU
	EndGlobalSection
	GlobalSection(ProjectConfigurationPlatforms) = postSolution
		{4D0C9933-ABEC-4A56-B54B-00600E4D23EC}.Debug|Any CPU.ActiveCfg = Debug|Any CPU
		{4D0C9933-ABEC-4A56-B54B-00600E4D23EC}.Debug|Any CPU.Build.0 = Debug|Any CPU
		{4D0C9933-ABEC-4A56-B54B-00600E4D23EC}.Release|Any CPU.ActiveCfg = Release|Any CPU
		{4D0C9933-ABEC-4A56-B54B-00600E4D23EC}.Release|Any CPU.Build.0 = Release|Any CPU
		{412DDC92-1E99-4AE1-BA5B-B70D256A6B93}.Debug|Any CPU.ActiveCfg = Debug|Any CPU
		{412DDC92-1E99-4AE1-BA5B-B70D256A6B93}.Debug|Any CPU.Build.0 = Debug|Any CPU
		{412DDC92-1E99-4AE1-BA5B-B70D256A6B93}.Release|Any CPU.ActiveCfg = Release|Any CPU
		{412DDC92-1E99-4AE1-BA5B-B70D256A6B93}.Release|Any CPU.Build.0 = Release|Any CPU
		{534DC1D8-3647-4577-9C7A-35DC48217513}.Debug|Any CPU.ActiveCfg = Debug|Any CPU
		{534DC1D8-3647-4577-9C7A-35DC48217513}.Debug|Any CPU.Build.0 = Debug|Any CPU
		{534DC1D8-3647-4577-9C7A-35DC48217513}.Release|Any CPU.ActiveCfg = Release|Any CPU
		{534DC1D8-3647-4577-9C7A-35DC48217513}.Release|Any CPU.Build.0 = Release|Any CPU
	EndGlobalSection
	GlobalSection(SolutionProperties) = preSolution
		HideSolutionNode = FALSE
	EndGlobalSection
	GlobalSection(ExtensibilityGlobals) = postSolution
		SolutionGuid = {90FFA239-F84C-4748-A9C1-627E7FE3FEFD}
	EndGlobalSection
EndGlobal
